
Microsoft Visual Studio Solution File, Format Version 12.00
# Visual Studio Version 16
VisualStudioVersion = 16.0.33801.447
MinimumVisualStudioVersion = 10.0.40219.1
Project("{FAE04EC0-301F-11D3-BF4B-00C04F79EFBC}") = "SalesWebMvc", "SalesWebMvc\SalesWebMvc.csproj", "{599DD3F4-709F-4254-9889-E5AB56633F40}"
EndProject
Global
	GlobalSection(SolutionConfigurationPlatforms) = preSolution
		Debug|Any CPU = Debug|Any CPU
		Release|Any CPU = Release|Any CPU
	EndGlobalSection
	GlobalSection(ProjectConfigurationPlatforms) = postSolution
		{599DD3F4-709F-4254-9889-E5AB56633F40}.Debug|Any CPU.ActiveCfg = Debug|Any CPU
		{599DD3F4-709F-4254-9889-E5AB56633F40}.Debug|Any CPU.Build.0 = Debug|Any CPU
		{599DD3F4-709F-4254-9889-E5AB56633F40}.Release|Any CPU.ActiveCfg = Release|Any CPU
		{599DD3F4-709F-4254-9889-E5AB56633F40}.Release|Any CPU.Build.0 = Release|Any CPU
	EndGlobalSection
	GlobalSection(SolutionProperties) = preSolution
		HideSolutionNode = FALSE
	EndGlobalSection
	GlobalSection(ExtensibilityGlobals) = postSolution
		SolutionGuid = {09047B45-574E-4010-AB99-1CAF0F2D7A04}
	EndGlobalSection
EndGlobal
